// !$*UTF8*$!
{
	archiveVersion = 1;
	classes = {
	};
	objectVersion = 46;
	objects = {

/* Begin PBXBuildFile section */
		1BAE9C8AB6187ED5CC68786C /* Pods_UCheckUITests.framework in Frameworks */ = {isa = PBXBuildFile; fileRef = 7FA7946E1E4FBA95F6FB4301 /* Pods_UCheckUITests.framework */; };
		502AF3ED09986B63693758EE /* Pods_UCheckTests.framework in Frameworks */ = {isa = PBXBuildFile; fileRef = 530210D571712B3F9FD8B570 /* Pods_UCheckTests.framework */; };
		563B588E1F2F11AD0004E36F /* FinishViewController.swift in Sources */ = {isa = PBXBuildFile; fileRef = 563B588D1F2F11AD0004E36F /* FinishViewController.swift */; };
		5652EF981F09D1030014873D /* AppDelegate.swift in Sources */ = {isa = PBXBuildFile; fileRef = 5652EF971F09D1030014873D /* AppDelegate.swift */; };
		5652EF9D1F09D1030014873D /* Main.storyboard in Resources */ = {isa = PBXBuildFile; fileRef = 5652EF9B1F09D1030014873D /* Main.storyboard */; };
		5652EFA01F09D1030014873D /* UCheck.xcdatamodeld in Sources */ = {isa = PBXBuildFile; fileRef = 5652EF9E1F09D1030014873D /* UCheck.xcdatamodeld */; };
		5652EFA21F09D1030014873D /* Assets.xcassets in Resources */ = {isa = PBXBuildFile; fileRef = 5652EFA11F09D1030014873D /* Assets.xcassets */; };
		5652EFA51F09D1030014873D /* LaunchScreen.storyboard in Resources */ = {isa = PBXBuildFile; fileRef = 5652EFA31F09D1030014873D /* LaunchScreen.storyboard */; };
		5652EFB01F09D1030014873D /* UCheckTests.swift in Sources */ = {isa = PBXBuildFile; fileRef = 5652EFAF1F09D1030014873D /* UCheckTests.swift */; };
		5652EFBB1F09D1030014873D /* UCheckUITests.swift in Sources */ = {isa = PBXBuildFile; fileRef = 5652EFBA1F09D1030014873D /* UCheckUITests.swift */; };
		565D91AC1F23C571009C2393 /* SlideInPresentationManager.swift in Sources */ = {isa = PBXBuildFile; fileRef = 565D91AB1F23C571009C2393 /* SlideInPresentationManager.swift */; };
		565D91AF1F23C7C4009C2393 /* SlideInPresentationController.swift in Sources */ = {isa = PBXBuildFile; fileRef = 565D91AE1F23C7C4009C2393 /* SlideInPresentationController.swift */; };
		565D91B11F23CAD8009C2393 /* SlideInPresentationAnimator.swift in Sources */ = {isa = PBXBuildFile; fileRef = 565D91B01F23CAD8009C2393 /* SlideInPresentationAnimator.swift */; };
		565D91B31F23DD2A009C2393 /* ShoppingCartViewController.swift in Sources */ = {isa = PBXBuildFile; fileRef = 565D91B21F23DD2A009C2393 /* ShoppingCartViewController.swift */; };
		565D91B51F23E75A009C2393 /* SmallCartItemTableViewCell.swift in Sources */ = {isa = PBXBuildFile; fileRef = 565D91B41F23E75A009C2393 /* SmallCartItemTableViewCell.swift */; };
		565D91B71F251A50009C2393 /* ShoppingCart.swift in Sources */ = {isa = PBXBuildFile; fileRef = 565D91B61F251A50009C2393 /* ShoppingCart.swift */; };
		565E4BC01FACFCA500D273E8 /* VenmoSetupViewController.swift in Sources */ = {isa = PBXBuildFile; fileRef = 565E4BBF1FACFCA500D273E8 /* VenmoSetupViewController.swift */; };
		565E4BC71FAD0B4B00D273E8 /* CustomObject.m in Sources */ = {isa = PBXBuildFile; fileRef = 565E4BC61FAD0B4B00D273E8 /* CustomObject.m */; };
		5665A6141FB826A400A8719B /* SignUpViewController.swift in Sources */ = {isa = PBXBuildFile; fileRef = 5665A6131FB826A400A8719B /* SignUpViewController.swift */; };
		566CA2FD1FB2F6DA00DED44F /* AllSetViewController.swift in Sources */ = {isa = PBXBuildFile; fileRef = 566CA2FC1FB2F6DA00DED44F /* AllSetViewController.swift */; };
		567488BD1F09F46B00EB4471 /* GoogleService-Info.plist in Resources */ = {isa = PBXBuildFile; fileRef = 567488BC1F09F46B00EB4471 /* GoogleService-Info.plist */; };
		5684800F1F4B80DD00B41BC7 /* EdgeShadowLayer.swift in Sources */ = {isa = PBXBuildFile; fileRef = 5684800E1F4B80DD00B41BC7 /* EdgeShadowLayer.swift */; };
		56A720BC1FB0184D00FF6DCE /* ReceiptViewController.swift in Sources */ = {isa = PBXBuildFile; fileRef = 56A720BB1FB0184D00FF6DCE /* ReceiptViewController.swift */; };
		56A720BE1FB0288300FF6DCE /* ReceiptItemCollectionViewCell.swift in Sources */ = {isa = PBXBuildFile; fileRef = 56A720BD1FB0288300FF6DCE /* ReceiptItemCollectionViewCell.swift */; };
		56B1AA6E1F287C450085FE06 /* store-code-ex.png in Resources */ = {isa = PBXBuildFile; fileRef = 56B1AA6D1F287C450085FE06 /* store-code-ex.png */; };
		56B680F01F0BFD1800772C68 /* CheckBox.swift in Sources */ = {isa = PBXBuildFile; fileRef = 56B680EF1F0BFD1800772C68 /* CheckBox.swift */; };
		56B680F41F0C2DEA00772C68 /* SelfieViewController.swift in Sources */ = {isa = PBXBuildFile; fileRef = 56B680F31F0C2DEA00772C68 /* SelfieViewController.swift */; };
		56B680F81F0C433800772C68 /* PopDateViewController.swift in Sources */ = {isa = PBXBuildFile; fileRef = 56B680F71F0C433800772C68 /* PopDateViewController.swift */; };
		56B680FA1F0C45F600772C68 /* MonthYearPickerView.swift in Sources */ = {isa = PBXBuildFile; fileRef = 56B680F91F0C45F600772C68 /* MonthYearPickerView.swift */; };
		56B680FE1F0C4E9700772C68 /* StatePickerView.swift in Sources */ = {isa = PBXBuildFile; fileRef = 56B680FD1F0C4E9700772C68 /* StatePickerView.swift */; };
		56B681021F0DFEA900772C68 /* User.swift in Sources */ = {isa = PBXBuildFile; fileRef = 56B681011F0DFEA900772C68 /* User.swift */; };
		56B681041F10771F00772C68 /* LoginViewController.swift in Sources */ = {isa = PBXBuildFile; fileRef = 56B681031F10771F00772C68 /* LoginViewController.swift */; };
		56B681181F19A28200772C68 /* CurrentSession.swift in Sources */ = {isa = PBXBuildFile; fileRef = 56B681171F19A28200772C68 /* CurrentSession.swift */; };
		56B681211F1AC96C00772C68 /* ScannerViewController.swift in Sources */ = {isa = PBXBuildFile; fileRef = 56B681201F1AC96C00772C68 /* ScannerViewController.swift */; };
		56C4B61C1FD25175007313BD /* HistoryReceiptViewController.swift in Sources */ = {isa = PBXBuildFile; fileRef = 56C4B61B1FD25175007313BD /* HistoryReceiptViewController.swift */; };
		56C793D91FD11E5300CED84E /* HelpFormViewController.swift in Sources */ = {isa = PBXBuildFile; fileRef = 56C793D81FD11E5300CED84E /* HelpFormViewController.swift */; };
		56C793DF1FD1A89000CED84E /* ShoppingHistoryViewController.swift in Sources */ = {isa = PBXBuildFile; fileRef = 56C793DE1FD1A89000CED84E /* ShoppingHistoryViewController.swift */; };
		56C793E31FD1C9AA00CED84E /* HistorySession.swift in Sources */ = {isa = PBXBuildFile; fileRef = 56C793E21FD1C9AA00CED84E /* HistorySession.swift */; };
		56C793E51FD2162300CED84E /* HistorySessionTableViewCell.swift in Sources */ = {isa = PBXBuildFile; fileRef = 56C793E41FD2162300CED84E /* HistorySessionTableViewCell.swift */; };
		56D9E3251F258CC90043E910 /* CheckOutViewController.swift in Sources */ = {isa = PBXBuildFile; fileRef = 56D9E3241F258CC90043E910 /* CheckOutViewController.swift */; };
		56D9E3271F25950E0043E910 /* BigCartItemTableViewCell.swift in Sources */ = {isa = PBXBuildFile; fileRef = 56D9E3261F25950E0043E910 /* BigCartItemTableViewCell.swift */; };
		56D9E3291F25B2440043E910 /* ShoppingCartTableView.swift in Sources */ = {isa = PBXBuildFile; fileRef = 56D9E3281F25B2440043E910 /* ShoppingCartTableView.swift */; };
		56FC95AE1F1DE03F0090A1AE /* ItemDetailViewController.swift in Sources */ = {isa = PBXBuildFile; fileRef = 56FC95AD1F1DE03F0090A1AE /* ItemDetailViewController.swift */; };
		56FC95BF1F1DE2CC0090A1AE /* HalfModalInteractiveTransition.swift in Sources */ = {isa = PBXBuildFile; fileRef = 56FC95BC1F1DE2CC0090A1AE /* HalfModalInteractiveTransition.swift */; };
		56FC95C01F1DE2CC0090A1AE /* HalfModalTransitionAnimator.swift in Sources */ = {isa = PBXBuildFile; fileRef = 56FC95BD1F1DE2CC0090A1AE /* HalfModalTransitionAnimator.swift */; };
		56FC95C11F1DE2CC0090A1AE /* HalfModalTransitioningDelegate.swift in Sources */ = {isa = PBXBuildFile; fileRef = 56FC95BE1F1DE2CC0090A1AE /* HalfModalTransitioningDelegate.swift */; };
		56FC95C31F1DE2D90090A1AE /* HalfModalPresentationController.swift in Sources */ = {isa = PBXBuildFile; fileRef = 56FC95C21F1DE2D90090A1AE /* HalfModalPresentationController.swift */; };
		56FC95C51F1F13880090A1AE /* Item.swift in Sources */ = {isa = PBXBuildFile; fileRef = 56FC95C41F1F13880090A1AE /* Item.swift */; };
		56FC95C71F20945D0090A1AE /* MenuViewController.swift in Sources */ = {isa = PBXBuildFile; fileRef = 56FC95C61F20945C0090A1AE /* MenuViewController.swift */; };
		A90ACA6E1FC612A800177EA1 /* FacebookProfileRequest.swift in Sources */ = {isa = PBXBuildFile; fileRef = A90ACA6D1FC612A800177EA1 /* FacebookProfileRequest.swift */; };
		A90ACA701FC61B9000177EA1 /* UIView+Extension.swift in Sources */ = {isa = PBXBuildFile; fileRef = A90ACA6F1FC61B9000177EA1 /* UIView+Extension.swift */; };
		B8AF986AFF0651EAAB522D9B /* Pods_UCheck.framework in Frameworks */ = {isa = PBXBuildFile; fileRef = 8D84EFF3D61A881FEEFB3827 /* Pods_UCheck.framework */; };
/* End PBXBuildFile section */

/* Begin PBXContainerItemProxy section */
		5652EFAC1F09D1030014873D /* PBXContainerItemProxy */ = {
			isa = PBXContainerItemProxy;
			containerPortal = 5652EF8C1F09D1030014873D /* Project object */;
			proxyType = 1;
			remoteGlobalIDString = 5652EF931F09D1030014873D;
			remoteInfo = UCheck;
		};
		5652EFB71F09D1030014873D /* PBXContainerItemProxy */ = {
			isa = PBXContainerItemProxy;
			containerPortal = 5652EF8C1F09D1030014873D /* Project object */;
			proxyType = 1;
			remoteGlobalIDString = 5652EF931F09D1030014873D;
			remoteInfo = UCheck;
		};
/* End PBXContainerItemProxy section */

/* Begin PBXFileReference section */
		530210D571712B3F9FD8B570 /* Pods_UCheckTests.framework */ = {isa = PBXFileReference; explicitFileType = wrapper.framework; includeInIndex = 0; path = Pods_UCheckTests.framework; sourceTree = BUILT_PRODUCTS_DIR; };
		563B588D1F2F11AD0004E36F /* FinishViewController.swift */ = {isa = PBXFileReference; fileEncoding = 4; lastKnownFileType = sourcecode.swift; path = FinishViewController.swift; sourceTree = "<group>"; };
		5652EF941F09D1030014873D /* UCheck.app */ = {isa = PBXFileReference; explicitFileType = wrapper.application; includeInIndex = 0; path = UCheck.app; sourceTree = BUILT_PRODUCTS_DIR; };
		5652EF971F09D1030014873D /* AppDelegate.swift */ = {isa = PBXFileReference; lastKnownFileType = sourcecode.swift; path = AppDelegate.swift; sourceTree = "<group>"; };
		5652EF9C1F09D1030014873D /* Base */ = {isa = PBXFileReference; lastKnownFileType = file.storyboard; name = Base; path = Base.lproj/Main.storyboard; sourceTree = "<group>"; };
		5652EF9F1F09D1030014873D /* UCheck.xcdatamodel */ = {isa = PBXFileReference; lastKnownFileType = wrapper.xcdatamodel; path = UCheck.xcdatamodel; sourceTree = "<group>"; };
		5652EFA11F09D1030014873D /* Assets.xcassets */ = {isa = PBXFileReference; lastKnownFileType = folder.assetcatalog; path = Assets.xcassets; sourceTree = "<group>"; };
		5652EFA41F09D1030014873D /* Base */ = {isa = PBXFileReference; lastKnownFileType = file.storyboard; name = Base; path = Base.lproj/LaunchScreen.storyboard; sourceTree = "<group>"; };
		5652EFA61F09D1030014873D /* Info.plist */ = {isa = PBXFileReference; lastKnownFileType = text.plist.xml; path = Info.plist; sourceTree = "<group>"; };
		5652EFAB1F09D1030014873D /* UCheckTests.xctest */ = {isa = PBXFileReference; explicitFileType = wrapper.cfbundle; includeInIndex = 0; path = UCheckTests.xctest; sourceTree = BUILT_PRODUCTS_DIR; };
		5652EFAF1F09D1030014873D /* UCheckTests.swift */ = {isa = PBXFileReference; lastKnownFileType = sourcecode.swift; path = UCheckTests.swift; sourceTree = "<group>"; };
		5652EFB11F09D1030014873D /* Info.plist */ = {isa = PBXFileReference; lastKnownFileType = text.plist.xml; path = Info.plist; sourceTree = "<group>"; };
		5652EFB61F09D1030014873D /* UCheckUITests.xctest */ = {isa = PBXFileReference; explicitFileType = wrapper.cfbundle; includeInIndex = 0; path = UCheckUITests.xctest; sourceTree = BUILT_PRODUCTS_DIR; };
		5652EFBA1F09D1030014873D /* UCheckUITests.swift */ = {isa = PBXFileReference; lastKnownFileType = sourcecode.swift; path = UCheckUITests.swift; sourceTree = "<group>"; };
		5652EFBC1F09D1030014873D /* Info.plist */ = {isa = PBXFileReference; lastKnownFileType = text.plist.xml; path = Info.plist; sourceTree = "<group>"; };
		565D91AB1F23C571009C2393 /* SlideInPresentationManager.swift */ = {isa = PBXFileReference; fileEncoding = 4; lastKnownFileType = sourcecode.swift; path = SlideInPresentationManager.swift; sourceTree = "<group>"; };
		565D91AE1F23C7C4009C2393 /* SlideInPresentationController.swift */ = {isa = PBXFileReference; fileEncoding = 4; lastKnownFileType = sourcecode.swift; path = SlideInPresentationController.swift; sourceTree = "<group>"; };
		565D91B01F23CAD8009C2393 /* SlideInPresentationAnimator.swift */ = {isa = PBXFileReference; fileEncoding = 4; lastKnownFileType = sourcecode.swift; path = SlideInPresentationAnimator.swift; sourceTree = "<group>"; };
		565D91B21F23DD2A009C2393 /* ShoppingCartViewController.swift */ = {isa = PBXFileReference; fileEncoding = 4; lastKnownFileType = sourcecode.swift; path = ShoppingCartViewController.swift; sourceTree = "<group>"; };
		565D91B41F23E75A009C2393 /* SmallCartItemTableViewCell.swift */ = {isa = PBXFileReference; fileEncoding = 4; lastKnownFileType = sourcecode.swift; path = SmallCartItemTableViewCell.swift; sourceTree = "<group>"; };
		565D91B61F251A50009C2393 /* ShoppingCart.swift */ = {isa = PBXFileReference; fileEncoding = 4; lastKnownFileType = sourcecode.swift; path = ShoppingCart.swift; sourceTree = "<group>"; };
		565E4BBF1FACFCA500D273E8 /* VenmoSetupViewController.swift */ = {isa = PBXFileReference; lastKnownFileType = sourcecode.swift; path = VenmoSetupViewController.swift; sourceTree = "<group>"; };
		565E4BC61FAD0B4B00D273E8 /* CustomObject.m */ = {isa = PBXFileReference; lastKnownFileType = sourcecode.c.objc; path = CustomObject.m; sourceTree = "<group>"; };
		565E4BC81FAD0B6F00D273E8 /* UCheck-Bridging-Header.h */ = {isa = PBXFileReference; lastKnownFileType = sourcecode.c.h; path = "UCheck-Bridging-Header.h"; sourceTree = "<group>"; };
		5665A6131FB826A400A8719B /* SignUpViewController.swift */ = {isa = PBXFileReference; lastKnownFileType = sourcecode.swift; path = SignUpViewController.swift; sourceTree = "<group>"; };
		566CA2FC1FB2F6DA00DED44F /* AllSetViewController.swift */ = {isa = PBXFileReference; lastKnownFileType = sourcecode.swift; path = AllSetViewController.swift; sourceTree = "<group>"; };
		567488BC1F09F46B00EB4471 /* GoogleService-Info.plist */ = {isa = PBXFileReference; fileEncoding = 4; lastKnownFileType = text.plist.xml; path = "GoogleService-Info.plist"; sourceTree = "<group>"; };
		567488BE1F09F4CF00EB4471 /* UCheck.entitlements */ = {isa = PBXFileReference; lastKnownFileType = text.plist.entitlements; path = UCheck.entitlements; sourceTree = "<group>"; };
		5684800E1F4B80DD00B41BC7 /* EdgeShadowLayer.swift */ = {isa = PBXFileReference; fileEncoding = 4; lastKnownFileType = sourcecode.swift; path = EdgeShadowLayer.swift; sourceTree = "<group>"; };
		56A720BB1FB0184D00FF6DCE /* ReceiptViewController.swift */ = {isa = PBXFileReference; lastKnownFileType = sourcecode.swift; path = ReceiptViewController.swift; sourceTree = "<group>"; };
		56A720BD1FB0288300FF6DCE /* ReceiptItemCollectionViewCell.swift */ = {isa = PBXFileReference; lastKnownFileType = sourcecode.swift; path = ReceiptItemCollectionViewCell.swift; sourceTree = "<group>"; };
		56B1AA6D1F287C450085FE06 /* store-code-ex.png */ = {isa = PBXFileReference; lastKnownFileType = image.png; path = "store-code-ex.png"; sourceTree = "<group>"; };
		56B680EF1F0BFD1800772C68 /* CheckBox.swift */ = {isa = PBXFileReference; fileEncoding = 4; lastKnownFileType = sourcecode.swift; path = CheckBox.swift; sourceTree = "<group>"; };
		56B680F31F0C2DEA00772C68 /* SelfieViewController.swift */ = {isa = PBXFileReference; fileEncoding = 4; lastKnownFileType = sourcecode.swift; path = SelfieViewController.swift; sourceTree = "<group>"; };
		56B680F71F0C433800772C68 /* PopDateViewController.swift */ = {isa = PBXFileReference; fileEncoding = 4; lastKnownFileType = sourcecode.swift; path = PopDateViewController.swift; sourceTree = "<group>"; };
		56B680F91F0C45F600772C68 /* MonthYearPickerView.swift */ = {isa = PBXFileReference; fileEncoding = 4; lastKnownFileType = sourcecode.swift; path = MonthYearPickerView.swift; sourceTree = "<group>"; };
		56B680FD1F0C4E9700772C68 /* StatePickerView.swift */ = {isa = PBXFileReference; fileEncoding = 4; lastKnownFileType = sourcecode.swift; path = StatePickerView.swift; sourceTree = "<group>"; };
		56B681011F0DFEA900772C68 /* User.swift */ = {isa = PBXFileReference; fileEncoding = 4; lastKnownFileType = sourcecode.swift; path = User.swift; sourceTree = "<group>"; };
		56B681031F10771F00772C68 /* LoginViewController.swift */ = {isa = PBXFileReference; fileEncoding = 4; lastKnownFileType = sourcecode.swift; path = LoginViewController.swift; sourceTree = "<group>"; };
		56B681171F19A28200772C68 /* CurrentSession.swift */ = {isa = PBXFileReference; fileEncoding = 4; lastKnownFileType = sourcecode.swift; path = CurrentSession.swift; sourceTree = "<group>"; };
		56B681201F1AC96C00772C68 /* ScannerViewController.swift */ = {isa = PBXFileReference; fileEncoding = 4; lastKnownFileType = sourcecode.swift; path = ScannerViewController.swift; sourceTree = "<group>"; };
		56C4B61B1FD25175007313BD /* HistoryReceiptViewController.swift */ = {isa = PBXFileReference; lastKnownFileType = sourcecode.swift; path = HistoryReceiptViewController.swift; sourceTree = "<group>"; };
		56C793D81FD11E5300CED84E /* HelpFormViewController.swift */ = {isa = PBXFileReference; lastKnownFileType = sourcecode.swift; path = HelpFormViewController.swift; sourceTree = "<group>"; };
		56C793DE1FD1A89000CED84E /* ShoppingHistoryViewController.swift */ = {isa = PBXFileReference; lastKnownFileType = sourcecode.swift; path = ShoppingHistoryViewController.swift; sourceTree = "<group>"; };
		56C793E21FD1C9AA00CED84E /* HistorySession.swift */ = {isa = PBXFileReference; lastKnownFileType = sourcecode.swift; path = HistorySession.swift; sourceTree = "<group>"; };
		56C793E41FD2162300CED84E /* HistorySessionTableViewCell.swift */ = {isa = PBXFileReference; lastKnownFileType = sourcecode.swift; path = HistorySessionTableViewCell.swift; sourceTree = "<group>"; };
		56D9E3241F258CC90043E910 /* CheckOutViewController.swift */ = {isa = PBXFileReference; fileEncoding = 4; lastKnownFileType = sourcecode.swift; path = CheckOutViewController.swift; sourceTree = "<group>"; };
		56D9E3261F25950E0043E910 /* BigCartItemTableViewCell.swift */ = {isa = PBXFileReference; fileEncoding = 4; lastKnownFileType = sourcecode.swift; path = BigCartItemTableViewCell.swift; sourceTree = "<group>"; };
		56D9E3281F25B2440043E910 /* ShoppingCartTableView.swift */ = {isa = PBXFileReference; fileEncoding = 4; lastKnownFileType = sourcecode.swift; path = ShoppingCartTableView.swift; sourceTree = "<group>"; };
		56FC95AD1F1DE03F0090A1AE /* ItemDetailViewController.swift */ = {isa = PBXFileReference; fileEncoding = 4; lastKnownFileType = sourcecode.swift; path = ItemDetailViewController.swift; sourceTree = "<group>"; };
		56FC95BC1F1DE2CC0090A1AE /* HalfModalInteractiveTransition.swift */ = {isa = PBXFileReference; fileEncoding = 4; lastKnownFileType = sourcecode.swift; path = HalfModalInteractiveTransition.swift; sourceTree = "<group>"; };
		56FC95BD1F1DE2CC0090A1AE /* HalfModalTransitionAnimator.swift */ = {isa = PBXFileReference; fileEncoding = 4; lastKnownFileType = sourcecode.swift; path = HalfModalTransitionAnimator.swift; sourceTree = "<group>"; };
		56FC95BE1F1DE2CC0090A1AE /* HalfModalTransitioningDelegate.swift */ = {isa = PBXFileReference; fileEncoding = 4; lastKnownFileType = sourcecode.swift; path = HalfModalTransitioningDelegate.swift; sourceTree = "<group>"; };
		56FC95C21F1DE2D90090A1AE /* HalfModalPresentationController.swift */ = {isa = PBXFileReference; fileEncoding = 4; lastKnownFileType = sourcecode.swift; path = HalfModalPresentationController.swift; sourceTree = "<group>"; };
		56FC95C41F1F13880090A1AE /* Item.swift */ = {isa = PBXFileReference; fileEncoding = 4; lastKnownFileType = sourcecode.swift; path = Item.swift; sourceTree = "<group>"; };
		56FC95C61F20945C0090A1AE /* MenuViewController.swift */ = {isa = PBXFileReference; fileEncoding = 4; lastKnownFileType = sourcecode.swift; path = MenuViewController.swift; sourceTree = "<group>"; };
		74CF65B4F49EAD70CFE9796B /* Pods-UCheck.debug.xcconfig */ = {isa = PBXFileReference; includeInIndex = 1; lastKnownFileType = text.xcconfig; name = "Pods-UCheck.debug.xcconfig"; path = "Pods/Target Support Files/Pods-UCheck/Pods-UCheck.debug.xcconfig"; sourceTree = "<group>"; };
		7FA7946E1E4FBA95F6FB4301 /* Pods_UCheckUITests.framework */ = {isa = PBXFileReference; explicitFileType = wrapper.framework; includeInIndex = 0; path = Pods_UCheckUITests.framework; sourceTree = BUILT_PRODUCTS_DIR; };
		8D84EFF3D61A881FEEFB3827 /* Pods_UCheck.framework */ = {isa = PBXFileReference; explicitFileType = wrapper.framework; includeInIndex = 0; path = Pods_UCheck.framework; sourceTree = BUILT_PRODUCTS_DIR; };
		93CCC7E31EE3909C7CB36AEA /* Pods-UCheckTests.debug.xcconfig */ = {isa = PBXFileReference; includeInIndex = 1; lastKnownFileType = text.xcconfig; name = "Pods-UCheckTests.debug.xcconfig"; path = "Pods/Target Support Files/Pods-UCheckTests/Pods-UCheckTests.debug.xcconfig"; sourceTree = "<group>"; };
		A90ACA6D1FC612A800177EA1 /* FacebookProfileRequest.swift */ = {isa = PBXFileReference; fileEncoding = 4; lastKnownFileType = sourcecode.swift; path = FacebookProfileRequest.swift; sourceTree = "<group>"; };
		A90ACA6F1FC61B9000177EA1 /* UIView+Extension.swift */ = {isa = PBXFileReference; lastKnownFileType = sourcecode.swift; path = "UIView+Extension.swift"; sourceTree = "<group>"; };
		C6E03D6D227EB6702B4CDFF8 /* Pods-UCheckTests.release.xcconfig */ = {isa = PBXFileReference; includeInIndex = 1; lastKnownFileType = text.xcconfig; name = "Pods-UCheckTests.release.xcconfig"; path = "Pods/Target Support Files/Pods-UCheckTests/Pods-UCheckTests.release.xcconfig"; sourceTree = "<group>"; };
		D808FF2563865F87077DD8D2 /* Pods-UCheckUITests.debug.xcconfig */ = {isa = PBXFileReference; includeInIndex = 1; lastKnownFileType = text.xcconfig; name = "Pods-UCheckUITests.debug.xcconfig"; path = "Pods/Target Support Files/Pods-UCheckUITests/Pods-UCheckUITests.debug.xcconfig"; sourceTree = "<group>"; };
		DE7A68DBC20091C5E0EDD9DA /* Pods-UCheckUITests.release.xcconfig */ = {isa = PBXFileReference; includeInIndex = 1; lastKnownFileType = text.xcconfig; name = "Pods-UCheckUITests.release.xcconfig"; path = "Pods/Target Support Files/Pods-UCheckUITests/Pods-UCheckUITests.release.xcconfig"; sourceTree = "<group>"; };
		DFA57BDCEDE64D8E4011CC47 /* Pods-UCheck.release.xcconfig */ = {isa = PBXFileReference; includeInIndex = 1; lastKnownFileType = text.xcconfig; name = "Pods-UCheck.release.xcconfig"; path = "Pods/Target Support Files/Pods-UCheck/Pods-UCheck.release.xcconfig"; sourceTree = "<group>"; };
/* End PBXFileReference section */

/* Begin PBXFrameworksBuildPhase section */
		5652EF911F09D1030014873D /* Frameworks */ = {
			isa = PBXFrameworksBuildPhase;
			buildActionMask = 2147483647;
			files = (
				B8AF986AFF0651EAAB522D9B /* Pods_UCheck.framework in Frameworks */,
			);
			runOnlyForDeploymentPostprocessing = 0;
		};
		5652EFA81F09D1030014873D /* Frameworks */ = {
			isa = PBXFrameworksBuildPhase;
			buildActionMask = 2147483647;
			files = (
				502AF3ED09986B63693758EE /* Pods_UCheckTests.framework in Frameworks */,
			);
			runOnlyForDeploymentPostprocessing = 0;
		};
		5652EFB31F09D1030014873D /* Frameworks */ = {
			isa = PBXFrameworksBuildPhase;
			buildActionMask = 2147483647;
			files = (
				1BAE9C8AB6187ED5CC68786C /* Pods_UCheckUITests.framework in Frameworks */,
			);
			runOnlyForDeploymentPostprocessing = 0;
		};
/* End PBXFrameworksBuildPhase section */

/* Begin PBXGroup section */
		5652EF8B1F09D1030014873D = {
			isa = PBXGroup;
			children = (
				5652EF961F09D1030014873D /* UCheck */,
				5652EFAE1F09D1030014873D /* UCheckTests */,
				5652EFB91F09D1030014873D /* UCheckUITests */,
				5652EF951F09D1030014873D /* Products */,
				E6D4C4CB934293962D91AB30 /* Pods */,
				8A78BF6F4CD9D37EF771768D /* Frameworks */,
			);
			sourceTree = "<group>";
		};
		5652EF951F09D1030014873D /* Products */ = {
			isa = PBXGroup;
			children = (
				5652EF941F09D1030014873D /* UCheck.app */,
				5652EFAB1F09D1030014873D /* UCheckTests.xctest */,
				5652EFB61F09D1030014873D /* UCheckUITests.xctest */,
			);
			name = Products;
			sourceTree = "<group>";
		};
		5652EF961F09D1030014873D /* UCheck */ = {
			isa = PBXGroup;
			children = (
				56B680EA1F09FB1C00772C68 /* Model */,
				56B680E91F09FB0900772C68 /* ViewController */,
				56B680E81F09FAF600772C68 /* Layout */,
				56B680E71F09FAE600772C68 /* Supporting files */,
			);
			path = UCheck;
			sourceTree = "<group>";
		};
		5652EFAE1F09D1030014873D /* UCheckTests */ = {
			isa = PBXGroup;
			children = (
				5652EFAF1F09D1030014873D /* UCheckTests.swift */,
				5652EFB11F09D1030014873D /* Info.plist */,
			);
			path = UCheckTests;
			sourceTree = "<group>";
		};
		5652EFB91F09D1030014873D /* UCheckUITests */ = {
			isa = PBXGroup;
			children = (
				5652EFBA1F09D1030014873D /* UCheckUITests.swift */,
				5652EFBC1F09D1030014873D /* Info.plist */,
			);
			path = UCheckUITests;
			sourceTree = "<group>";
		};
		565D91AD1F23C785009C2393 /* SlideInPresentation */ = {
			isa = PBXGroup;
			children = (
				565D91AB1F23C571009C2393 /* SlideInPresentationManager.swift */,
				565D91AE1F23C7C4009C2393 /* SlideInPresentationController.swift */,
				565D91B01F23CAD8009C2393 /* SlideInPresentationAnimator.swift */,
			);
			name = SlideInPresentation;
			sourceTree = "<group>";
		};
		567C786D1FC9E3E700907232 /* Settings Pages */ = {
			isa = PBXGroup;
			children = (
				56C793D81FD11E5300CED84E /* HelpFormViewController.swift */,
				56C793DE1FD1A89000CED84E /* ShoppingHistoryViewController.swift */,
				56C793E41FD2162300CED84E /* HistorySessionTableViewCell.swift */,
				56C4B61B1FD25175007313BD /* HistoryReceiptViewController.swift */,
			);
			name = "Settings Pages";
			sourceTree = "<group>";
		};
		568480101F4B80F000B41BC7 /* StyleHelper */ = {
			isa = PBXGroup;
			children = (
				5684800E1F4B80DD00B41BC7 /* EdgeShadowLayer.swift */,
			);
			name = StyleHelper;
			sourceTree = "<group>";
		};
		56B1AA711F2B87040085FE06 /* Checkout Flow */ = {
			isa = PBXGroup;
			children = (
				56D9E3241F258CC90043E910 /* CheckOutViewController.swift */,
				563B588D1F2F11AD0004E36F /* FinishViewController.swift */,
				56A720BB1FB0184D00FF6DCE /* ReceiptViewController.swift */,
				56A720BD1FB0288300FF6DCE /* ReceiptItemCollectionViewCell.swift */,
			);
			name = "Checkout Flow";
			sourceTree = "<group>";
		};
		56B680E71F09FAE600772C68 /* Supporting files */ = {
			isa = PBXGroup;
			children = (
				5652EF971F09D1030014873D /* AppDelegate.swift */,
				A90ACA6F1FC61B9000177EA1 /* UIView+Extension.swift */,
				A90ACA6D1FC612A800177EA1 /* FacebookProfileRequest.swift */,
				5652EFA11F09D1030014873D /* Assets.xcassets */,
				56B1AA6D1F287C450085FE06 /* store-code-ex.png */,
				567488BE1F09F4CF00EB4471 /* UCheck.entitlements */,
				5652EFA61F09D1030014873D /* Info.plist */,
				5652EF9E1F09D1030014873D /* UCheck.xcdatamodeld */,
				567488BC1F09F46B00EB4471 /* GoogleService-Info.plist */,
				565E4BC61FAD0B4B00D273E8 /* CustomObject.m */,
				565E4BC81FAD0B6F00D273E8 /* UCheck-Bridging-Header.h */,
			);
			name = "Supporting files";
			sourceTree = "<group>";
		};
		56B680E81F09FAF600772C68 /* Layout */ = {
			isa = PBXGroup;
			children = (
				5652EFA31F09D1030014873D /* LaunchScreen.storyboard */,
				5652EF9B1F09D1030014873D /* Main.storyboard */,
			);
			name = Layout;
			sourceTree = "<group>";
		};
		56B680E91F09FB0900772C68 /* ViewController */ = {
			isa = PBXGroup;
			children = (
				567C786D1FC9E3E700907232 /* Settings Pages */,
				56B1AA711F2B87040085FE06 /* Checkout Flow */,
				56B681221F1AC96F00772C68 /* Shopping Flow */,
				56B6811F1F1AC67300772C68 /* Log In Flow */,
				56B680FF1F0CA9B600772C68 /* First-time Registration */,
			);
			name = ViewController;
			sourceTree = "<group>";
		};
		56B680EA1F09FB1C00772C68 /* Model */ = {
			isa = PBXGroup;
			children = (
				568480101F4B80F000B41BC7 /* StyleHelper */,
				56D9E3231F258BA90043E910 /* Classes */,
				565D91AD1F23C785009C2393 /* SlideInPresentation */,
				56FC95AF1F1DE2130090A1AE /* HalfModal */,
				56B681001F0CA9CD00772C68 /* First-time Registration */,
			);
			name = Model;
			sourceTree = "<group>";
		};
		56B680FF1F0CA9B600772C68 /* First-time Registration */ = {
			isa = PBXGroup;
			children = (
				56B680F31F0C2DEA00772C68 /* SelfieViewController.swift */,
				56B680F71F0C433800772C68 /* PopDateViewController.swift */,
				565E4BBF1FACFCA500D273E8 /* VenmoSetupViewController.swift */,
				566CA2FC1FB2F6DA00DED44F /* AllSetViewController.swift */,
				5665A6131FB826A400A8719B /* SignUpViewController.swift */,
			);
			name = "First-time Registration";
			sourceTree = "<group>";
		};
		56B681001F0CA9CD00772C68 /* First-time Registration */ = {
			isa = PBXGroup;
			children = (
				56B680EF1F0BFD1800772C68 /* CheckBox.swift */,
				56B680F91F0C45F600772C68 /* MonthYearPickerView.swift */,
				56B680FD1F0C4E9700772C68 /* StatePickerView.swift */,
				56B681011F0DFEA900772C68 /* User.swift */,
			);
			name = "First-time Registration";
			sourceTree = "<group>";
		};
		56B6811F1F1AC67300772C68 /* Log In Flow */ = {
			isa = PBXGroup;
			children = (
				56B681031F10771F00772C68 /* LoginViewController.swift */,
			);
			name = "Log In Flow";
			sourceTree = "<group>";
		};
		56B681221F1AC96F00772C68 /* Shopping Flow */ = {
			isa = PBXGroup;
			children = (
				56B681201F1AC96C00772C68 /* ScannerViewController.swift */,
				56FC95AD1F1DE03F0090A1AE /* ItemDetailViewController.swift */,
				56FC95C61F20945C0090A1AE /* MenuViewController.swift */,
				565D91B21F23DD2A009C2393 /* ShoppingCartViewController.swift */,
				565D91B41F23E75A009C2393 /* SmallCartItemTableViewCell.swift */,
				56D9E3261F25950E0043E910 /* BigCartItemTableViewCell.swift */,
				56D9E3281F25B2440043E910 /* ShoppingCartTableView.swift */,
			);
			name = "Shopping Flow";
			sourceTree = "<group>";
		};
		56D9E3231F258BA90043E910 /* Classes */ = {
			isa = PBXGroup;
			children = (
				56B681171F19A28200772C68 /* CurrentSession.swift */,
				56FC95C41F1F13880090A1AE /* Item.swift */,
				565D91B61F251A50009C2393 /* ShoppingCart.swift */,
				56C793E21FD1C9AA00CED84E /* HistorySession.swift */,
			);
			name = Classes;
			sourceTree = "<group>";
		};
		56FC95AF1F1DE2130090A1AE /* HalfModal */ = {
			isa = PBXGroup;
			children = (
				56FC95BC1F1DE2CC0090A1AE /* HalfModalInteractiveTransition.swift */,
				56FC95BD1F1DE2CC0090A1AE /* HalfModalTransitionAnimator.swift */,
				56FC95BE1F1DE2CC0090A1AE /* HalfModalTransitioningDelegate.swift */,
				56FC95C21F1DE2D90090A1AE /* HalfModalPresentationController.swift */,
			);
			name = HalfModal;
			sourceTree = "<group>";
		};
		8A78BF6F4CD9D37EF771768D /* Frameworks */ = {
			isa = PBXGroup;
			children = (
				8D84EFF3D61A881FEEFB3827 /* Pods_UCheck.framework */,
				530210D571712B3F9FD8B570 /* Pods_UCheckTests.framework */,
				7FA7946E1E4FBA95F6FB4301 /* Pods_UCheckUITests.framework */,
			);
			name = Frameworks;
			sourceTree = "<group>";
		};
		E6D4C4CB934293962D91AB30 /* Pods */ = {
			isa = PBXGroup;
			children = (
				74CF65B4F49EAD70CFE9796B /* Pods-UCheck.debug.xcconfig */,
				DFA57BDCEDE64D8E4011CC47 /* Pods-UCheck.release.xcconfig */,
				93CCC7E31EE3909C7CB36AEA /* Pods-UCheckTests.debug.xcconfig */,
				C6E03D6D227EB6702B4CDFF8 /* Pods-UCheckTests.release.xcconfig */,
				D808FF2563865F87077DD8D2 /* Pods-UCheckUITests.debug.xcconfig */,
				DE7A68DBC20091C5E0EDD9DA /* Pods-UCheckUITests.release.xcconfig */,
			);
			name = Pods;
			sourceTree = "<group>";
		};
/* End PBXGroup section */

/* Begin PBXNativeTarget section */
		5652EF931F09D1030014873D /* UCheck */ = {
			isa = PBXNativeTarget;
			buildConfigurationList = 5652EFBF1F09D1030014873D /* Build configuration list for PBXNativeTarget "UCheck" */;
			buildPhases = (
				F646EEB18E9326F8ECBC41BE /* [CP] Check Pods Manifest.lock */,
				5652EF901F09D1030014873D /* Sources */,
				5652EF911F09D1030014873D /* Frameworks */,
				5652EF921F09D1030014873D /* Resources */,
				1BDD2A76868011A5A9962EF2 /* [CP] Embed Pods Frameworks */,
				949BEDFE6DF6C4B39A8AFA38 /* [CP] Copy Pods Resources */,
			);
			buildRules = (
			);
			dependencies = (
			);
			name = UCheck;
			productName = UCheck;
			productReference = 5652EF941F09D1030014873D /* UCheck.app */;
			productType = "com.apple.product-type.application";
		};
		5652EFAA1F09D1030014873D /* UCheckTests */ = {
			isa = PBXNativeTarget;
			buildConfigurationList = 5652EFC21F09D1030014873D /* Build configuration list for PBXNativeTarget "UCheckTests" */;
			buildPhases = (
				99D7F3A56F98376E1393BBCC /* [CP] Check Pods Manifest.lock */,
				5652EFA71F09D1030014873D /* Sources */,
				5652EFA81F09D1030014873D /* Frameworks */,
				5652EFA91F09D1030014873D /* Resources */,
				1847D09C108BDDE2F00B28CF /* [CP] Embed Pods Frameworks */,
				F3CC14843CEF787DCF1A3858 /* [CP] Copy Pods Resources */,
			);
			buildRules = (
			);
			dependencies = (
				5652EFAD1F09D1030014873D /* PBXTargetDependency */,
			);
			name = UCheckTests;
			productName = UCheckTests;
			productReference = 5652EFAB1F09D1030014873D /* UCheckTests.xctest */;
			productType = "com.apple.product-type.bundle.unit-test";
		};
		5652EFB51F09D1030014873D /* UCheckUITests */ = {
			isa = PBXNativeTarget;
			buildConfigurationList = 5652EFC51F09D1030014873D /* Build configuration list for PBXNativeTarget "UCheckUITests" */;
			buildPhases = (
				FE906D9A1306D375D6C4B514 /* [CP] Check Pods Manifest.lock */,
				5652EFB21F09D1030014873D /* Sources */,
				5652EFB31F09D1030014873D /* Frameworks */,
				5652EFB41F09D1030014873D /* Resources */,
				C1DB69DA568CA7ADA973A23F /* [CP] Embed Pods Frameworks */,
				4638CF4BD7581BDEB99A9106 /* [CP] Copy Pods Resources */,
			);
			buildRules = (
			);
			dependencies = (
				5652EFB81F09D1030014873D /* PBXTargetDependency */,
			);
			name = UCheckUITests;
			productName = UCheckUITests;
			productReference = 5652EFB61F09D1030014873D /* UCheckUITests.xctest */;
			productType = "com.apple.product-type.bundle.ui-testing";
		};
/* End PBXNativeTarget section */

/* Begin PBXProject section */
		5652EF8C1F09D1030014873D /* Project object */ = {
			isa = PBXProject;
			attributes = {
				LastSwiftUpdateCheck = 0830;
				LastUpgradeCheck = 0830;
				TargetAttributes = {
					5652EF931F09D1030014873D = {
						CreatedOnToolsVersion = 8.3.2;
						DevelopmentTeam = QCGB64L4VH;
						LastSwiftMigration = 0900;
						ProvisioningStyle = Automatic;
						SystemCapabilities = {
							com.apple.Keychain = {
								enabled = 1;
							};
						};
					};
					5652EFAA1F09D1030014873D = {
						CreatedOnToolsVersion = 8.3.2;
						DevelopmentTeam = 8FFJ3ZHU9E;
						ProvisioningStyle = Automatic;
						TestTargetID = 5652EF931F09D1030014873D;
					};
					5652EFB51F09D1030014873D = {
						CreatedOnToolsVersion = 8.3.2;
						DevelopmentTeam = 8FFJ3ZHU9E;
						ProvisioningStyle = Automatic;
						TestTargetID = 5652EF931F09D1030014873D;
					};
				};
			};
			buildConfigurationList = 5652EF8F1F09D1030014873D /* Build configuration list for PBXProject "UCheck" */;
			compatibilityVersion = "Xcode 3.2";
			developmentRegion = English;
			hasScannedForEncodings = 0;
			knownRegions = (
				en,
				Base,
			);
			mainGroup = 5652EF8B1F09D1030014873D;
			productRefGroup = 5652EF951F09D1030014873D /* Products */;
			projectDirPath = "";
			projectRoot = "";
			targets = (
				5652EF931F09D1030014873D /* UCheck */,
				5652EFAA1F09D1030014873D /* UCheckTests */,
				5652EFB51F09D1030014873D /* UCheckUITests */,
			);
		};
/* End PBXProject section */

/* Begin PBXResourcesBuildPhase section */
		5652EF921F09D1030014873D /* Resources */ = {
			isa = PBXResourcesBuildPhase;
			buildActionMask = 2147483647;
			files = (
				5652EFA51F09D1030014873D /* LaunchScreen.storyboard in Resources */,
				567488BD1F09F46B00EB4471 /* GoogleService-Info.plist in Resources */,
				56B1AA6E1F287C450085FE06 /* store-code-ex.png in Resources */,
				5652EFA21F09D1030014873D /* Assets.xcassets in Resources */,
				5652EF9D1F09D1030014873D /* Main.storyboard in Resources */,
			);
			runOnlyForDeploymentPostprocessing = 0;
		};
		5652EFA91F09D1030014873D /* Resources */ = {
			isa = PBXResourcesBuildPhase;
			buildActionMask = 2147483647;
			files = (
			);
			runOnlyForDeploymentPostprocessing = 0;
		};
		5652EFB41F09D1030014873D /* Resources */ = {
			isa = PBXResourcesBuildPhase;
			buildActionMask = 2147483647;
			files = (
			);
			runOnlyForDeploymentPostprocessing = 0;
		};
/* End PBXResourcesBuildPhase section */

/* Begin PBXShellScriptBuildPhase section */
		1847D09C108BDDE2F00B28CF /* [CP] Embed Pods Frameworks */ = {
			isa = PBXShellScriptBuildPhase;
			buildActionMask = 2147483647;
			files = (
			);
			inputPaths = (
			);
			name = "[CP] Embed Pods Frameworks";
			outputPaths = (
			);
			runOnlyForDeploymentPostprocessing = 0;
			shellPath = /bin/sh;
			shellScript = "\"${SRCROOT}/Pods/Target Support Files/Pods-UCheckTests/Pods-UCheckTests-frameworks.sh\"\n";
			showEnvVarsInLog = 0;
		};
		1BDD2A76868011A5A9962EF2 /* [CP] Embed Pods Frameworks */ = {
			isa = PBXShellScriptBuildPhase;
			buildActionMask = 2147483647;
			files = (
			);
			inputPaths = (
				"${SRCROOT}/Pods/Target Support Files/Pods-UCheck/Pods-UCheck-frameworks.sh",
				"${BUILT_PRODUCTS_DIR}/Bolts/Bolts.framework",
				"${BUILT_PRODUCTS_DIR}/Braintree/Braintree.framework",
				"${BUILT_PRODUCTS_DIR}/BraintreeDropIn/BraintreeDropIn.framework",
				"${BUILT_PRODUCTS_DIR}/FBSDKCoreKit/FBSDKCoreKit.framework",
				"${BUILT_PRODUCTS_DIR}/FBSDKLoginKit/FBSDKLoginKit.framework",
				"${BUILT_PRODUCTS_DIR}/FacebookCore/FacebookCore.framework",
				"${BUILT_PRODUCTS_DIR}/FacebookLogin/FacebookLogin.framework",
				"${BUILT_PRODUCTS_DIR}/GTMSessionFetcher/GTMSessionFetcher.framework",
				"${BUILT_PRODUCTS_DIR}/GoogleToolboxForMac/GoogleToolboxForMac.framework",
				"${BUILT_PRODUCTS_DIR}/SwiftKeychainWrapper/SwiftKeychainWrapper.framework",
			);
			name = "[CP] Embed Pods Frameworks";
			outputPaths = (
				"${TARGET_BUILD_DIR}/${FRAMEWORKS_FOLDER_PATH}/Bolts.framework",
				"${TARGET_BUILD_DIR}/${FRAMEWORKS_FOLDER_PATH}/Braintree.framework",
				"${TARGET_BUILD_DIR}/${FRAMEWORKS_FOLDER_PATH}/BraintreeDropIn.framework",
				"${TARGET_BUILD_DIR}/${FRAMEWORKS_FOLDER_PATH}/FBSDKCoreKit.framework",
				"${TARGET_BUILD_DIR}/${FRAMEWORKS_FOLDER_PATH}/FBSDKLoginKit.framework",
				"${TARGET_BUILD_DIR}/${FRAMEWORKS_FOLDER_PATH}/FacebookCore.framework",
				"${TARGET_BUILD_DIR}/${FRAMEWORKS_FOLDER_PATH}/FacebookLogin.framework",
				"${TARGET_BUILD_DIR}/${FRAMEWORKS_FOLDER_PATH}/GTMSessionFetcher.framework",
				"${TARGET_BUILD_DIR}/${FRAMEWORKS_FOLDER_PATH}/GoogleToolboxForMac.framework",
				"${TARGET_BUILD_DIR}/${FRAMEWORKS_FOLDER_PATH}/SwiftKeychainWrapper.framework",
			);
			runOnlyForDeploymentPostprocessing = 0;
			shellPath = /bin/sh;
			shellScript = "\"${SRCROOT}/Pods/Target Support Files/Pods-UCheck/Pods-UCheck-frameworks.sh\"\n";
			showEnvVarsInLog = 0;
		};
		4638CF4BD7581BDEB99A9106 /* [CP] Copy Pods Resources */ = {
			isa = PBXShellScriptBuildPhase;
			buildActionMask = 2147483647;
			files = (
			);
			inputPaths = (
			);
			name = "[CP] Copy Pods Resources";
			outputPaths = (
			);
			runOnlyForDeploymentPostprocessing = 0;
			shellPath = /bin/sh;
			shellScript = "\"${SRCROOT}/Pods/Target Support Files/Pods-UCheckUITests/Pods-UCheckUITests-resources.sh\"\n";
			showEnvVarsInLog = 0;
		};
		949BEDFE6DF6C4B39A8AFA38 /* [CP] Copy Pods Resources */ = {
			isa = PBXShellScriptBuildPhase;
			buildActionMask = 2147483647;
			files = (
			);
			inputPaths = (
			);
			name = "[CP] Copy Pods Resources";
			outputPaths = (
			);
			runOnlyForDeploymentPostprocessing = 0;
			shellPath = /bin/sh;
			shellScript = "\"${SRCROOT}/Pods/Target Support Files/Pods-UCheck/Pods-UCheck-resources.sh\"\n";
			showEnvVarsInLog = 0;
		};
		99D7F3A56F98376E1393BBCC /* [CP] Check Pods Manifest.lock */ = {
			isa = PBXShellScriptBuildPhase;
			buildActionMask = 2147483647;
			files = (
			);
			inputPaths = (
				"${PODS_PODFILE_DIR_PATH}/Podfile.lock",
				"${PODS_ROOT}/Manifest.lock",
			);
			name = "[CP] Check Pods Manifest.lock";
			outputPaths = (
				"$(DERIVED_FILE_DIR)/Pods-UCheckTests-checkManifestLockResult.txt",
			);
			runOnlyForDeploymentPostprocessing = 0;
			shellPath = /bin/sh;
			shellScript = "diff \"${PODS_PODFILE_DIR_PATH}/Podfile.lock\" \"${PODS_ROOT}/Manifest.lock\" > /dev/null\nif [ $? != 0 ] ; then\n    # print error to STDERR\n    echo \"error: The sandbox is not in sync with the Podfile.lock. Run 'pod install' or update your CocoaPods installation.\" >&2\n    exit 1\nfi\n# This output is used by Xcode 'outputs' to avoid re-running this script phase.\necho \"SUCCESS\" > \"${SCRIPT_OUTPUT_FILE_0}\"\n";
			showEnvVarsInLog = 0;
		};
		C1DB69DA568CA7ADA973A23F /* [CP] Embed Pods Frameworks */ = {
			isa = PBXShellScriptBuildPhase;
			buildActionMask = 2147483647;
			files = (
			);
			inputPaths = (
			);
			name = "[CP] Embed Pods Frameworks";
			outputPaths = (
			);
			runOnlyForDeploymentPostprocessing = 0;
			shellPath = /bin/sh;
			shellScript = "\"${SRCROOT}/Pods/Target Support Files/Pods-UCheckUITests/Pods-UCheckUITests-frameworks.sh\"\n";
			showEnvVarsInLog = 0;
		};
		F3CC14843CEF787DCF1A3858 /* [CP] Copy Pods Resources */ = {
			isa = PBXShellScriptBuildPhase;
			buildActionMask = 2147483647;
			files = (
			);
			inputPaths = (
			);
			name = "[CP] Copy Pods Resources";
			outputPaths = (
			);
			runOnlyForDeploymentPostprocessing = 0;
			shellPath = /bin/sh;
			shellScript = "\"${SRCROOT}/Pods/Target Support Files/Pods-UCheckTests/Pods-UCheckTests-resources.sh\"\n";
			showEnvVarsInLog = 0;
		};
		F646EEB18E9326F8ECBC41BE /* [CP] Check Pods Manifest.lock */ = {
			isa = PBXShellScriptBuildPhase;
			buildActionMask = 2147483647;
			files = (
			);
			inputPaths = (
				"${PODS_PODFILE_DIR_PATH}/Podfile.lock",
				"${PODS_ROOT}/Manifest.lock",
			);
			name = "[CP] Check Pods Manifest.lock";
			outputPaths = (
				"$(DERIVED_FILE_DIR)/Pods-UCheck-checkManifestLockResult.txt",
			);
			runOnlyForDeploymentPostprocessing = 0;
			shellPath = /bin/sh;
			shellScript = "diff \"${PODS_PODFILE_DIR_PATH}/Podfile.lock\" \"${PODS_ROOT}/Manifest.lock\" > /dev/null\nif [ $? != 0 ] ; then\n    # print error to STDERR\n    echo \"error: The sandbox is not in sync with the Podfile.lock. Run 'pod install' or update your CocoaPods installation.\" >&2\n    exit 1\nfi\n# This output is used by Xcode 'outputs' to avoid re-running this script phase.\necho \"SUCCESS\" > \"${SCRIPT_OUTPUT_FILE_0}\"\n";
			showEnvVarsInLog = 0;
		};
		FE906D9A1306D375D6C4B514 /* [CP] Check Pods Manifest.lock */ = {
			isa = PBXShellScriptBuildPhase;
			buildActionMask = 2147483647;
			files = (
			);
			inputPaths = (
				"${PODS_PODFILE_DIR_PATH}/Podfile.lock",
				"${PODS_ROOT}/Manifest.lock",
			);
			name = "[CP] Check Pods Manifest.lock";
			outputPaths = (
				"$(DERIVED_FILE_DIR)/Pods-UCheckUITests-checkManifestLockResult.txt",
			);
			runOnlyForDeploymentPostprocessing = 0;
			shellPath = /bin/sh;
			shellScript = "diff \"${PODS_PODFILE_DIR_PATH}/Podfile.lock\" \"${PODS_ROOT}/Manifest.lock\" > /dev/null\nif [ $? != 0 ] ; then\n    # print error to STDERR\n    echo \"error: The sandbox is not in sync with the Podfile.lock. Run 'pod install' or update your CocoaPods installation.\" >&2\n    exit 1\nfi\n# This output is used by Xcode 'outputs' to avoid re-running this script phase.\necho \"SUCCESS\" > \"${SCRIPT_OUTPUT_FILE_0}\"\n";
			showEnvVarsInLog = 0;
		};
/* End PBXShellScriptBuildPhase section */

/* Begin PBXSourcesBuildPhase section */
		5652EF901F09D1030014873D /* Sources */ = {
			isa = PBXSourcesBuildPhase;
			buildActionMask = 2147483647;
			files = (
				565D91B11F23CAD8009C2393 /* SlideInPresentationAnimator.swift in Sources */,
				A90ACA6E1FC612A800177EA1 /* FacebookProfileRequest.swift in Sources */,
				56B681041F10771F00772C68 /* LoginViewController.swift in Sources */,
				565D91AF1F23C7C4009C2393 /* SlideInPresentationController.swift in Sources */,
				565E4BC01FACFCA500D273E8 /* VenmoSetupViewController.swift in Sources */,
				56FC95C71F20945D0090A1AE /* MenuViewController.swift in Sources */,
				56B681181F19A28200772C68 /* CurrentSession.swift in Sources */,
				56FC95C11F1DE2CC0090A1AE /* HalfModalTransitioningDelegate.swift in Sources */,
				56B681021F0DFEA900772C68 /* User.swift in Sources */,
				565D91B71F251A50009C2393 /* ShoppingCart.swift in Sources */,
				56FC95C31F1DE2D90090A1AE /* HalfModalPresentationController.swift in Sources */,
				56FC95C01F1DE2CC0090A1AE /* HalfModalTransitionAnimator.swift in Sources */,
				565D91AC1F23C571009C2393 /* SlideInPresentationManager.swift in Sources */,
				56C793E31FD1C9AA00CED84E /* HistorySession.swift in Sources */,
				565D91B51F23E75A009C2393 /* SmallCartItemTableViewCell.swift in Sources */,
				56D9E3271F25950E0043E910 /* BigCartItemTableViewCell.swift in Sources */,
				56B680FE1F0C4E9700772C68 /* StatePickerView.swift in Sources */,
				56B680F81F0C433800772C68 /* PopDateViewController.swift in Sources */,
				56C793D91FD11E5300CED84E /* HelpFormViewController.swift in Sources */,
				5652EFA01F09D1030014873D /* UCheck.xcdatamodeld in Sources */,
				565E4BC71FAD0B4B00D273E8 /* CustomObject.m in Sources */,
				56FC95C51F1F13880090A1AE /* Item.swift in Sources */,
				563B588E1F2F11AD0004E36F /* FinishViewController.swift in Sources */,
				56B680F41F0C2DEA00772C68 /* SelfieViewController.swift in Sources */,
				56A720BC1FB0184D00FF6DCE /* ReceiptViewController.swift in Sources */,
				5652EF981F09D1030014873D /* AppDelegate.swift in Sources */,
				56D9E3291F25B2440043E910 /* ShoppingCartTableView.swift in Sources */,
				56FC95BF1F1DE2CC0090A1AE /* HalfModalInteractiveTransition.swift in Sources */,
				A90ACA701FC61B9000177EA1 /* UIView+Extension.swift in Sources */,
				56B680FA1F0C45F600772C68 /* MonthYearPickerView.swift in Sources */,
				565D91B31F23DD2A009C2393 /* ShoppingCartViewController.swift in Sources */,
				5684800F1F4B80DD00B41BC7 /* EdgeShadowLayer.swift in Sources */,
				56FC95AE1F1DE03F0090A1AE /* ItemDetailViewController.swift in Sources */,
				56D9E3251F258CC90043E910 /* CheckOutViewController.swift in Sources */,
				56B681211F1AC96C00772C68 /* ScannerViewController.swift in Sources */,
				566CA2FD1FB2F6DA00DED44F /* AllSetViewController.swift in Sources */,
				56C793E51FD2162300CED84E /* HistorySessionTableViewCell.swift in Sources */,
				56B680F01F0BFD1800772C68 /* CheckBox.swift in Sources */,
				56C4B61C1FD25175007313BD /* HistoryReceiptViewController.swift in Sources */,
				56A720BE1FB0288300FF6DCE /* ReceiptItemCollectionViewCell.swift in Sources */,
				5665A6141FB826A400A8719B /* SignUpViewController.swift in Sources */,
				56C793DF1FD1A89000CED84E /* ShoppingHistoryViewController.swift in Sources */,
			);
			runOnlyForDeploymentPostprocessing = 0;
		};
		5652EFA71F09D1030014873D /* Sources */ = {
			isa = PBXSourcesBuildPhase;
			buildActionMask = 2147483647;
			files = (
				5652EFB01F09D1030014873D /* UCheckTests.swift in Sources */,
			);
			runOnlyForDeploymentPostprocessing = 0;
		};
		5652EFB21F09D1030014873D /* Sources */ = {
			isa = PBXSourcesBuildPhase;
			buildActionMask = 2147483647;
			files = (
				5652EFBB1F09D1030014873D /* UCheckUITests.swift in Sources */,
			);
			runOnlyForDeploymentPostprocessing = 0;
		};
/* End PBXSourcesBuildPhase section */

/* Begin PBXTargetDependency section */
		5652EFAD1F09D1030014873D /* PBXTargetDependency */ = {
			isa = PBXTargetDependency;
			target = 5652EF931F09D1030014873D /* UCheck */;
			targetProxy = 5652EFAC1F09D1030014873D /* PBXContainerItemProxy */;
		};
		5652EFB81F09D1030014873D /* PBXTargetDependency */ = {
			isa = PBXTargetDependency;
			target = 5652EF931F09D1030014873D /* UCheck */;
			targetProxy = 5652EFB71F09D1030014873D /* PBXContainerItemProxy */;
		};
/* End PBXTargetDependency section */

/* Begin PBXVariantGroup section */
		5652EF9B1F09D1030014873D /* Main.storyboard */ = {
			isa = PBXVariantGroup;
			children = (
				5652EF9C1F09D1030014873D /* Base */,
			);
			name = Main.storyboard;
			sourceTree = "<group>";
		};
		5652EFA31F09D1030014873D /* LaunchScreen.storyboard */ = {
			isa = PBXVariantGroup;
			children = (
				5652EFA41F09D1030014873D /* Base */,
			);
			name = LaunchScreen.storyboard;
			sourceTree = "<group>";
		};
/* End PBXVariantGroup section */

/* Begin XCBuildConfiguration section */
		5652EFBD1F09D1030014873D /* Debug */ = {
			isa = XCBuildConfiguration;
			buildSettings = {
				ALWAYS_SEARCH_USER_PATHS = NO;
				CLANG_ANALYZER_NONNULL = YES;
				CLANG_ANALYZER_NUMBER_OBJECT_CONVERSION = YES_AGGRESSIVE;
				CLANG_CXX_LANGUAGE_STANDARD = "gnu++0x";
				CLANG_CXX_LIBRARY = "libc++";
				CLANG_ENABLE_MODULES = YES;
				CLANG_ENABLE_OBJC_ARC = YES;
				CLANG_WARN_BOOL_CONVERSION = YES;
				CLANG_WARN_CONSTANT_CONVERSION = YES;
				CLANG_WARN_DIRECT_OBJC_ISA_USAGE = YES_ERROR;
				CLANG_WARN_DOCUMENTATION_COMMENTS = YES;
				CLANG_WARN_EMPTY_BODY = YES;
				CLANG_WARN_ENUM_CONVERSION = YES;
				CLANG_WARN_INFINITE_RECURSION = YES;
				CLANG_WARN_INT_CONVERSION = YES;
				CLANG_WARN_OBJC_ROOT_CLASS = YES_ERROR;
				CLANG_WARN_SUSPICIOUS_MOVE = YES;
				CLANG_WARN_UNREACHABLE_CODE = YES;
				CLANG_WARN__DUPLICATE_METHOD_MATCH = YES;
				"CODE_SIGN_IDENTITY[sdk=iphoneos*]" = "iPhone Developer";
				COPY_PHASE_STRIP = NO;
				DEBUG_INFORMATION_FORMAT = dwarf;
				ENABLE_STRICT_OBJC_MSGSEND = YES;
				ENABLE_TESTABILITY = YES;
				GCC_C_LANGUAGE_STANDARD = gnu99;
				GCC_DYNAMIC_NO_PIC = NO;
				GCC_NO_COMMON_BLOCKS = YES;
				GCC_OPTIMIZATION_LEVEL = 0;
				GCC_PREPROCESSOR_DEFINITIONS = (
					"DEBUG=1",
					"$(inherited)",
				);
				GCC_WARN_64_TO_32_BIT_CONVERSION = YES;
				GCC_WARN_ABOUT_RETURN_TYPE = YES_ERROR;
				GCC_WARN_UNDECLARED_SELECTOR = YES;
				GCC_WARN_UNINITIALIZED_AUTOS = YES_AGGRESSIVE;
				GCC_WARN_UNUSED_FUNCTION = YES;
				GCC_WARN_UNUSED_VARIABLE = YES;
				IPHONEOS_DEPLOYMENT_TARGET = 10.3;
				MTL_ENABLE_DEBUG_INFO = YES;
				ONLY_ACTIVE_ARCH = YES;
				SDKROOT = iphoneos;
				SWIFT_ACTIVE_COMPILATION_CONDITIONS = DEBUG;
				SWIFT_OPTIMIZATION_LEVEL = "-Onone";
				TARGETED_DEVICE_FAMILY = "1,2";
			};
			name = Debug;
		};
		5652EFBE1F09D1030014873D /* Release */ = {
			isa = XCBuildConfiguration;
			buildSettings = {
				ALWAYS_SEARCH_USER_PATHS = NO;
				CLANG_ANALYZER_NONNULL = YES;
				CLANG_ANALYZER_NUMBER_OBJECT_CONVERSION = YES_AGGRESSIVE;
				CLANG_CXX_LANGUAGE_STANDARD = "gnu++0x";
				CLANG_CXX_LIBRARY = "libc++";
				CLANG_ENABLE_MODULES = YES;
				CLANG_ENABLE_OBJC_ARC = YES;
				CLANG_WARN_BOOL_CONVERSION = YES;
				CLANG_WARN_CONSTANT_CONVERSION = YES;
				CLANG_WARN_DIRECT_OBJC_ISA_USAGE = YES_ERROR;
				CLANG_WARN_DOCUMENTATION_COMMENTS = YES;
				CLANG_WARN_EMPTY_BODY = YES;
				CLANG_WARN_ENUM_CONVERSION = YES;
				CLANG_WARN_INFINITE_RECURSION = YES;
				CLANG_WARN_INT_CONVERSION = YES;
				CLANG_WARN_OBJC_ROOT_CLASS = YES_ERROR;
				CLANG_WARN_SUSPICIOUS_MOVE = YES;
				CLANG_WARN_UNREACHABLE_CODE = YES;
				CLANG_WARN__DUPLICATE_METHOD_MATCH = YES;
				"CODE_SIGN_IDENTITY[sdk=iphoneos*]" = "iPhone Developer";
				COPY_PHASE_STRIP = NO;
				DEBUG_INFORMATION_FORMAT = "dwarf-with-dsym";
				ENABLE_NS_ASSERTIONS = NO;
				ENABLE_STRICT_OBJC_MSGSEND = YES;
				GCC_C_LANGUAGE_STANDARD = gnu99;
				GCC_NO_COMMON_BLOCKS = YES;
				GCC_WARN_64_TO_32_BIT_CONVERSION = YES;
				GCC_WARN_ABOUT_RETURN_TYPE = YES_ERROR;
				GCC_WARN_UNDECLARED_SELECTOR = YES;
				GCC_WARN_UNINITIALIZED_AUTOS = YES_AGGRESSIVE;
				GCC_WARN_UNUSED_FUNCTION = YES;
				GCC_WARN_UNUSED_VARIABLE = YES;
				IPHONEOS_DEPLOYMENT_TARGET = 10.3;
				MTL_ENABLE_DEBUG_INFO = NO;
				SDKROOT = iphoneos;
				SWIFT_OPTIMIZATION_LEVEL = "-Owholemodule";
				TARGETED_DEVICE_FAMILY = "1,2";
				VALIDATE_PRODUCT = YES;
			};
			name = Release;
		};
		5652EFC01F09D1030014873D /* Debug */ = {
			isa = XCBuildConfiguration;
			baseConfigurationReference = 74CF65B4F49EAD70CFE9796B /* Pods-UCheck.debug.xcconfig */;
			buildSettings = {
				ASSETCATALOG_COMPILER_APPICON_NAME = AppIcon;
				CLANG_ENABLE_MODULES = YES;
				CODE_SIGN_ENTITLEMENTS = UCheck/UCheck.entitlements;
				DEVELOPMENT_TEAM = QCGB64L4VH;
				INFOPLIST_FILE = UCheck/Info.plist;
				LD_RUNPATH_SEARCH_PATHS = "$(inherited) @executable_path/Frameworks";
				PRODUCT_BUNDLE_IDENTIFIER = com.ucheckbeta.UCheck;
				PRODUCT_NAME = "$(TARGET_NAME)";
				SWIFT_OBJC_BRIDGING_HEADER = "";
				SWIFT_OPTIMIZATION_LEVEL = "-Onone";
				SWIFT_VERSION = 4.0;
				TARGETED_DEVICE_FAMILY = 1;
			};
			name = Debug;
		};
		5652EFC11F09D1030014873D /* Release */ = {
			isa = XCBuildConfiguration;
			baseConfigurationReference = DFA57BDCEDE64D8E4011CC47 /* Pods-UCheck.release.xcconfig */;
			buildSettings = {
				ASSETCATALOG_COMPILER_APPICON_NAME = AppIcon;
				CLANG_ENABLE_MODULES = YES;
				CODE_SIGN_ENTITLEMENTS = UCheck/UCheck.entitlements;
				DEVELOPMENT_TEAM = QCGB64L4VH;
				INFOPLIST_FILE = UCheck/Info.plist;
				LD_RUNPATH_SEARCH_PATHS = "$(inherited) @executable_path/Frameworks";
				PRODUCT_BUNDLE_IDENTIFIER = com.ucheckbeta.UCheck;
				PRODUCT_NAME = "$(TARGET_NAME)";
				SWIFT_OBJC_BRIDGING_HEADER = "";
				SWIFT_VERSION = 4.0;
				TARGETED_DEVICE_FAMILY = 1;
			};
			name = Release;
		};
		5652EFC31F09D1030014873D /* Debug */ = {
			isa = XCBuildConfiguration;
			baseConfigurationReference = 93CCC7E31EE3909C7CB36AEA /* Pods-UCheckTests.debug.xcconfig */;
			buildSettings = {
				ALWAYS_EMBED_SWIFT_STANDARD_LIBRARIES = YES;
				BUNDLE_LOADER = "$(TEST_HOST)";
				DEVELOPMENT_TEAM = 8FFJ3ZHU9E;
				INFOPLIST_FILE = UCheckTests/Info.plist;
				LD_RUNPATH_SEARCH_PATHS = "$(inherited) @executable_path/Frameworks @loader_path/Frameworks";
				PRODUCT_BUNDLE_IDENTIFIER = com.xiaoyichen.UCheckTests;
				PRODUCT_NAME = "$(TARGET_NAME)";
				SWIFT_VERSION = 3.0;
				TEST_HOST = "$(BUILT_PRODUCTS_DIR)/UCheck.app/UCheck";
			};
			name = Debug;
		};
		5652EFC41F09D1030014873D /* Release */ = {
			isa = XCBuildConfiguration;
			baseConfigurationReference = C6E03D6D227EB6702B4CDFF8 /* Pods-UCheckTests.release.xcconfig */;
			buildSettings = {
				ALWAYS_EMBED_SWIFT_STANDARD_LIBRARIES = YES;
				BUNDLE_LOADER = "$(TEST_HOST)";
				DEVELOPMENT_TEAM = 8FFJ3ZHU9E;
				INFOPLIST_FILE = UCheckTests/Info.plist;
				LD_RUNPATH_SEARCH_PATHS = "$(inherited) @executable_path/Frameworks @loader_path/Frameworks";
				PRODUCT_BUNDLE_IDENTIFIER = com.xiaoyichen.UCheckTests;
				PRODUCT_NAME = "$(TARGET_NAME)";
				SWIFT_VERSION = 3.0;
				TEST_HOST = "$(BUILT_PRODUCTS_DIR)/UCheck.app/UCheck";
			};
			name = Release;
		};
		5652EFC61F09D1030014873D /* Debug */ = {
			isa = XCBuildConfiguration;
			baseConfigurationReference = D808FF2563865F87077DD8D2 /* Pods-UCheckUITests.debug.xcconfig */;
			buildSettings = {
				ALWAYS_EMBED_SWIFT_STANDARD_LIBRARIES = YES;
				DEVELOPMENT_TEAM = 8FFJ3ZHU9E;
				INFOPLIST_FILE = UCheckUITests/Info.plist;
				LD_RUNPATH_SEARCH_PATHS = "$(inherited) @executable_path/Frameworks @loader_path/Frameworks";
				PRODUCT_BUNDLE_IDENTIFIER = com.xiaoyichen.UCheckUITests;
				PRODUCT_NAME = "$(TARGET_NAME)";
				SWIFT_VERSION = 3.0;
				TEST_TARGET_NAME = UCheck;
			};
			name = Debug;
		};
		5652EFC71F09D1030014873D /* Release */ = {
			isa = XCBuildConfiguration;
			baseConfigurationReference = DE7A68DBC20091C5E0EDD9DA /* Pods-UCheckUITests.release.xcconfig */;
			buildSettings = {
				ALWAYS_EMBED_SWIFT_STANDARD_LIBRARIES = YES;
				DEVELOPMENT_TEAM = 8FFJ3ZHU9E;
				INFOPLIST_FILE = UCheckUITests/Info.plist;
				LD_RUNPATH_SEARCH_PATHS = "$(inherited) @executable_path/Frameworks @loader_path/Frameworks";
				PRODUCT_BUNDLE_IDENTIFIER = com.xiaoyichen.UCheckUITests;
				PRODUCT_NAME = "$(TARGET_NAME)";
				SWIFT_VERSION = 3.0;
				TEST_TARGET_NAME = UCheck;
			};
			name = Release;
		};
/* End XCBuildConfiguration section */

/* Begin XCConfigurationList section */
		5652EF8F1F09D1030014873D /* Build configuration list for PBXProject "UCheck" */ = {
			isa = XCConfigurationList;
			buildConfigurations = (
				5652EFBD1F09D1030014873D /* Debug */,
				5652EFBE1F09D1030014873D /* Release */,
			);
			defaultConfigurationIsVisible = 0;
			defaultConfigurationName = Release;
		};
		5652EFBF1F09D1030014873D /* Build configuration list for PBXNativeTarget "UCheck" */ = {
			isa = XCConfigurationList;
			buildConfigurations = (
				5652EFC01F09D1030014873D /* Debug */,
				5652EFC11F09D1030014873D /* Release */,
			);
			defaultConfigurationIsVisible = 0;
			defaultConfigurationName = Release;
		};
		5652EFC21F09D1030014873D /* Build configuration list for PBXNativeTarget "UCheckTests" */ = {
			isa = XCConfigurationList;
			buildConfigurations = (
				5652EFC31F09D1030014873D /* Debug */,
				5652EFC41F09D1030014873D /* Release */,
			);
			defaultConfigurationIsVisible = 0;
			defaultConfigurationName = Release;
		};
		5652EFC51F09D1030014873D /* Build configuration list for PBXNativeTarget "UCheckUITests" */ = {
			isa = XCConfigurationList;
			buildConfigurations = (
				5652EFC61F09D1030014873D /* Debug */,
				5652EFC71F09D1030014873D /* Release */,
			);
			defaultConfigurationIsVisible = 0;
			defaultConfigurationName = Release;
		};
/* End XCConfigurationList section */

/* Begin XCVersionGroup section */
		5652EF9E1F09D1030014873D /* UCheck.xcdatamodeld */ = {
			isa = XCVersionGroup;
			children = (
				5652EF9F1F09D1030014873D /* UCheck.xcdatamodel */,
			);
			currentVersion = 5652EF9F1F09D1030014873D /* UCheck.xcdatamodel */;
			path = UCheck.xcdatamodeld;
			sourceTree = "<group>";
			versionGroupType = wrapper.xcdatamodel;
		};
/* End XCVersionGroup section */
	};
	rootObject = 5652EF8C1F09D1030014873D /* Project object */;
}
